
Microsoft Visual Studio Solution File, Format Version 12.00
# Visual Studio Version 17
VisualStudioVersion = 17.9.34607.119
MinimumVisualStudioVersion = 10.0.40219.1
Project("{FAE04EC0-301F-11D3-BF4B-00C04F79EFBC}") = "Lab12", "Lab12\Lab12.csproj", "{40538D1F-E07E-434F-B6D7-7BC14A35A3CC}"
EndProject
Global
	GlobalSection(SolutionConfigurationPlatforms) = preSolution
		Debug|Any CPU = Debug|Any CPU
		Release|Any CPU = Release|Any CPU
	EndGlobalSection
	GlobalSection(ProjectConfigurationPlatforms) = postSolution
		{40538D1F-E07E-434F-B6D7-7BC14A35A3CC}.Debug|Any CPU.ActiveCfg = Debug|Any CPU
		{40538D1F-E07E-434F-B6D7-7BC14A35A3CC}.Debug|Any CPU.Build.0 = Debug|Any CPU
		{40538D1F-E07E-434F-B6D7-7BC14A35A3CC}.Release|Any CPU.ActiveCfg = Release|Any CPU
		{40538D1F-E07E-434F-B6D7-7BC14A35A3CC}.Release|Any CPU.Build.0 = Release|Any CPU
	EndGlobalSection
	GlobalSection(SolutionProperties) = preSolution
		HideSolutionNode = FALSE
	EndGlobalSection
	GlobalSection(ExtensibilityGlobals) = postSolution
		SolutionGuid = {39521A8E-85BE-4DA7-8748-229ABA3A98DB}
	EndGlobalSection
EndGlobal
